
Microsoft Visual Studio Solution File, Format Version 12.00
# Visual Studio 2012
# SharpDevelop 5.1
VisualStudioVersion = 12.0.20827.3
MinimumVisualStudioVersion = 10.0.40219.1
Project("{FAE04EC0-301F-11D3-BF4B-00C04F79EFBC}") = "Viri", "Viri\Viri.csproj", "{60DBE193-7C9C-4441-AABE-846178B0A260}"
EndProject
Global
	GlobalSection(SolutionConfigurationPlatforms) = preSolution
		Debug|Any CPU = Debug|Any CPU
		Release|Any CPU = Release|Any CPU
	EndGlobalSection
	GlobalSection(ProjectConfigurationPlatforms) = postSolution
		{60DBE193-7C9C-4441-AABE-846178B0A260}.Debug|Any CPU.ActiveCfg = Debug|Any CPU
		{60DBE193-7C9C-4441-AABE-846178B0A260}.Debug|Any CPU.Build.0 = Debug|Any CPU
		{60DBE193-7C9C-4441-AABE-846178B0A260}.Release|Any CPU.ActiveCfg = Release|Any CPU
		{60DBE193-7C9C-4441-AABE-846178B0A260}.Release|Any CPU.Build.0 = Release|Any CPU
	EndGlobalSection
EndGlobal
